
Microsoft Visual Studio Solution File, Format Version 12.00
# Visual Studio Version 16
VisualStudioVersion = 16.0.30114.105
MinimumVisualStudioVersion = 10.0.40219.1
Project("{F2A71F9B-5D33-465A-A702-920D77279786}") = "Pipes", "Pipes\Pipes.fsproj", "{61712A82-7CDC-41C2-AADF-0BA7F61A08F6}"
EndProject
Global
	GlobalSection(SolutionConfigurationPlatforms) = preSolution
		Debug|Any CPU = Debug|Any CPU
		Release|Any CPU = Release|Any CPU
	EndGlobalSection
	GlobalSection(ProjectConfigurationPlatforms) = postSolution
		{61712A82-7CDC-41C2-AADF-0BA7F61A08F6}.Debug|Any CPU.ActiveCfg = Debug|Any CPU
		{61712A82-7CDC-41C2-AADF-0BA7F61A08F6}.Debug|Any CPU.Build.0 = Debug|Any CPU
		{61712A82-7CDC-41C2-AADF-0BA7F61A08F6}.Release|Any CPU.ActiveCfg = Release|Any CPU
		{61712A82-7CDC-41C2-AADF-0BA7F61A08F6}.Release|Any CPU.Build.0 = Release|Any CPU
	EndGlobalSection
	GlobalSection(SolutionProperties) = preSolution
		HideSolutionNode = FALSE
	EndGlobalSection
	GlobalSection(ExtensibilityGlobals) = postSolution
		SolutionGuid = {4D137E6A-E455-45CB-822D-3C6F2212F1A4}
	EndGlobalSection
EndGlobal
